{
  "name": "conductor-app-sdk-cli-example",
  "version": "0.0.0",
  "lockfileVersion": 3,
  "requires": true,
  "packages": {
    "": {
      "name": "conductor-app-sdk-cli-example",
      "version": "0.0.0",
      "dependencies": {
        "@love-moon/app-sdk": "file:../.."
      }
    },
    "../..": {
      "name": "@love-moon/app-sdk",
      "version": "0.1.0",
      "dependencies": {
        "ws": "^8.18.0",
        "zod": "^3.24.1"
      },
      "devDependencies": {
        "@types/node": "^22.10.2",
        "@types/react": "^19.0.0",
        "@types/react-dom": "^19.0.0",
        "@types/ws": "^8.5.12",
        "@vitejs/plugin-react": "^4.3.4",
        "jsdom": "^25.0.1",
        "react": "^19.0.0",
        "react-dom": "^19.0.0",
        "tsup": "^8.3.5",
        "typescript": "^5.6.3",
        "vitest": "^2.1.4"
      },
      "peerDependencies": {
        "react": ">=18.0.0",
        "react-dom": ">=18.0.0"
      },
      "peerDependenciesMeta": {
        "react": {
          "optional": true
        },
        "react-dom": {
          "optional": true
        }
      }
    },
    "node_modules/@love-moon/app-sdk": {
      "resolved": "../..",
      "link": true
    }
  }
}
